
Microsoft Visual Studio Solution File, Format Version 12.00
# Visual Studio Version 17
VisualStudioVersion = 17.2.32630.192
MinimumVisualStudioVersion = 10.0.40219.1
Project("{2150E333-8FDC-42A3-9474-1A3956D46DE8}") = "Web Layer", "Web Layer", "{812D8636-780C-43EC-87A6-53518A07AB70}"
EndProject
Project("{FAE04EC0-301F-11D3-BF4B-00C04F79EFBC}") = "ShoppingApplication.Web", "ShoppingApplication.Web\ShoppingApplication.Web.csproj", "{316BA45B-2D08-46C0-AF6F-113E3784BC51}"
EndProject
Project("{FAE04EC0-301F-11D3-BF4B-00C04F79EFBC}") = "ShoppingApplication.Api", "ShoppingApplication.Api\ShoppingApplication.Api.csproj", "{C9C9527C-31DB-47D2-B3B2-A7CAB1C05863}"
EndProject
Global
	GlobalSection(SolutionConfigurationPlatforms) = preSolution
		Debug|Any CPU = Debug|Any CPU
		Release|Any CPU = Release|Any CPU
	EndGlobalSection
	GlobalSection(ProjectConfigurationPlatforms) = postSolution
		{316BA45B-2D08-46C0-AF6F-113E3784BC51}.Debug|Any CPU.ActiveCfg = Debug|Any CPU
		{316BA45B-2D08-46C0-AF6F-113E3784BC51}.Debug|Any CPU.Build.0 = Debug|Any CPU
		{316BA45B-2D08-46C0-AF6F-113E3784BC51}.Release|Any CPU.ActiveCfg = Release|Any CPU
		{316BA45B-2D08-46C0-AF6F-113E3784BC51}.Release|Any CPU.Build.0 = Release|Any CPU
		{C9C9527C-31DB-47D2-B3B2-A7CAB1C05863}.Debug|Any CPU.ActiveCfg = Debug|Any CPU
		{C9C9527C-31DB-47D2-B3B2-A7CAB1C05863}.Debug|Any CPU.Build.0 = Debug|Any CPU
		{C9C9527C-31DB-47D2-B3B2-A7CAB1C05863}.Release|Any CPU.ActiveCfg = Release|Any CPU
		{C9C9527C-31DB-47D2-B3B2-A7CAB1C05863}.Release|Any CPU.Build.0 = Release|Any CPU
	EndGlobalSection
	GlobalSection(SolutionProperties) = preSolution
		HideSolutionNode = FALSE
	EndGlobalSection
	GlobalSection(NestedProjects) = preSolution
		{316BA45B-2D08-46C0-AF6F-113E3784BC51} = {812D8636-780C-43EC-87A6-53518A07AB70}
		{C9C9527C-31DB-47D2-B3B2-A7CAB1C05863} = {812D8636-780C-43EC-87A6-53518A07AB70}
	EndGlobalSection
	GlobalSection(ExtensibilityGlobals) = postSolution
		SolutionGuid = {A2FEE3EB-6570-4C74-BAF5-185C70BF6CD1}
	EndGlobalSection
EndGlobal
